
Microsoft Visual Studio Solution File, Format Version 12.00
# Visual Studio 2013
VisualStudioVersion = 12.0.30501.0
MinimumVisualStudioVersion = 10.0.40219.1
Project("{070BCB52-5A75-4F8C-A973-144AF0EAFCC9}") = "ngCordovaDemo", "ngCordovaDemo\ngCordovaDemo.iceproj", "{585DC374-A08E-4262-BC8D-B8A2A9C315B4}"
EndProject
Global
	GlobalSection(SolutionConfigurationPlatforms) = preSolution
		Debug|Any CPU = Debug|Any CPU
		Release|Any CPU = Release|Any CPU
	EndGlobalSection
	GlobalSection(ProjectConfigurationPlatforms) = postSolution
		{585DC374-A08E-4262-BC8D-B8A2A9C315B4}.Debug|Any CPU.ActiveCfg = Debug|Any CPU
		{585DC374-A08E-4262-BC8D-B8A2A9C315B4}.Debug|Any CPU.Build.0 = Debug|Any CPU
		{585DC374-A08E-4262-BC8D-B8A2A9C315B4}.Release|Any CPU.ActiveCfg = Release|Any CPU
		{585DC374-A08E-4262-BC8D-B8A2A9C315B4}.Release|Any CPU.Build.0 = Release|Any CPU
	EndGlobalSection
	GlobalSection(SolutionProperties) = preSolution
		HideSolutionNode = FALSE
	EndGlobalSection
EndGlobal
